
Microsoft Visual Studio Solution File, Format Version 12.00
# Visual Studio Version 17
VisualStudioVersion = 17.6.33723.286
MinimumVisualStudioVersion = 10.0.40219.1
Project("{FAE04EC0-301F-11D3-BF4B-00C04F79EFBC}") = "Server", "Server\Server.csproj", "{99B237C4-D3D0-4C38-B126-4F9B21C6D8B3}"
EndProject
Global
	GlobalSection(SolutionConfigurationPlatforms) = preSolution
		Debug|Any CPU = Debug|Any CPU
		Release|Any CPU = Release|Any CPU
	EndGlobalSection
	GlobalSection(ProjectConfigurationPlatforms) = postSolution
		{99B237C4-D3D0-4C38-B126-4F9B21C6D8B3}.Debug|Any CPU.ActiveCfg = Debug|Any CPU
		{99B237C4-D3D0-4C38-B126-4F9B21C6D8B3}.Debug|Any CPU.Build.0 = Debug|Any CPU
		{99B237C4-D3D0-4C38-B126-4F9B21C6D8B3}.Release|Any CPU.ActiveCfg = Release|Any CPU
		{99B237C4-D3D0-4C38-B126-4F9B21C6D8B3}.Release|Any CPU.Build.0 = Release|Any CPU
	EndGlobalSection
	GlobalSection(SolutionProperties) = preSolution
		HideSolutionNode = FALSE
	EndGlobalSection
	GlobalSection(ExtensibilityGlobals) = postSolution
		SolutionGuid = {7287009A-955E-44D6-B889-D24D93F896B9}
	EndGlobalSection
EndGlobal
